
Microsoft Visual Studio Solution File, Format Version 12.00
# Visual Studio Version 16
VisualStudioVersion = 16.0.32413.511
MinimumVisualStudioVersion = 10.0.40219.1
Project("{FAE04EC0-301F-11D3-BF4B-00C04F79EFBC}") = "QuanLyTrungTamNgoaiNgu", "QuanLyTrungTamNgoaiNgu.csproj", "{20E98A25-E25C-43DF-A4FC-94B8F594A389}"
EndProject
Global
	GlobalSection(SolutionConfigurationPlatforms) = preSolution
		Debug|Any CPU = Debug|Any CPU
		Release|Any CPU = Release|Any CPU
	EndGlobalSection
	GlobalSection(ProjectConfigurationPlatforms) = postSolution
		{20E98A25-E25C-43DF-A4FC-94B8F594A389}.Debug|Any CPU.ActiveCfg = Debug|Any CPU
		{20E98A25-E25C-43DF-A4FC-94B8F594A389}.Debug|Any CPU.Build.0 = Debug|Any CPU
		{20E98A25-E25C-43DF-A4FC-94B8F594A389}.Release|Any CPU.ActiveCfg = Release|Any CPU
		{20E98A25-E25C-43DF-A4FC-94B8F594A389}.Release|Any CPU.Build.0 = Release|Any CPU
	EndGlobalSection
	GlobalSection(SolutionProperties) = preSolution
		HideSolutionNode = FALSE
	EndGlobalSection
	GlobalSection(ExtensibilityGlobals) = postSolution
		SolutionGuid = {0B4E869D-9EE5-4231-814C-F1B9EBEA00B9}
	EndGlobalSection
EndGlobal
